
Microsoft Visual Studio Solution File, Format Version 12.00
# Visual Studio Version 17
VisualStudioVersion = 17.9.34607.119
MinimumVisualStudioVersion = 10.0.40219.1
Project("{2150E333-8FDC-42A3-9474-1A3956D46DE8}") = "Chapter01", "Chapter01", "{99B85B3D-8418-484E-87E6-D27284AE6BD1}"
EndProject
Project("{FAE04EC0-301F-11D3-BF4B-00C04F79EFBC}") = "ProductSample", "Chapter01\ProductSample\ProductSample.csproj", "{61F9D648-0658-4A8E-A4A0-5405B30C694E}"
EndProject
Project("{FAE04EC0-301F-11D3-BF4B-00C04F79EFBC}") = "Sample_p38", "Chapter01\Sample_p38\Sample_p38.csproj", "{977F27AA-A11C-42D8-9374-67BA68B9054F}"
EndProject
Project("{2150E333-8FDC-42A3-9474-1A3956D46DE8}") = "Chapter02", "Chapter02", "{4CE96DC7-4FE4-48DA-BBCA-7F0985150F0C}"
EndProject
Project("{2150E333-8FDC-42A3-9474-1A3956D46DE8}") = "距離換算プログラム", "距離換算プログラム", "{0A33858E-055B-4D44-8CE0-59CC3D3EB4F4}"
EndProject
Project("{FAE04EC0-301F-11D3-BF4B-00C04F79EFBC}") = "DistanceConverter", "Chapter02\DistanceConverter\DistanceConverter.csproj", "{394AAC24-6607-476A-99EF-CDBFDB40E68C}"
EndProject
Project("{2150E333-8FDC-42A3-9474-1A3956D46DE8}") = "売り上げ集計プログラム", "売り上げ集計プログラム", "{B69D7589-AC1A-4201-AFCE-3C6A37019D73}"
EndProject
Project("{FAE04EC0-301F-11D3-BF4B-00C04F79EFBC}") = "SalesCounter", "Chapter02\SalesCounter\SalesCounter.csproj", "{B7A5D223-0795-468A-8AA0-1E4AC0AE8AF7}"
EndProject
Project("{2150E333-8FDC-42A3-9474-1A3956D46DE8}") = "#演習問題", "#演習問題", "{BA92BBCF-6F35-4431-BC31-1FC87A3EB7BF}"
EndProject
Project("{FAE04EC0-301F-11D3-BF4B-00C04F79EFBC}") = "Exercise1", "Chapter02\演習問題\Exercise1\Exercise1.csproj", "{3094B340-A7D9-454A-B054-1536D5F3A276}"
EndProject
Project("{FAE04EC0-301F-11D3-BF4B-00C04F79EFBC}") = "Exercise2", "Chapter02\演習問題\Exercise2\Exercise2.csproj", "{BD2F3094-56FD-4CBC-98BF-FFA784B3B74B}"
EndProject
Project("{2150E333-8FDC-42A3-9474-1A3956D46DE8}") = "FormApp", "FormApp", "{9624AA7F-9EEF-4A19-B572-F71E099C4F8A}"
EndProject
Project("{9A19103F-16F7-4668-BE54-9A1E7A4F7556}") = "BallApp", "FormApp\BallApp\BallApp.csproj", "{F473ED81-F743-48AC-8D9A-7F936A29F826}"
EndProject
Project("{2150E333-8FDC-42A3-9474-1A3956D46DE8}") = "Chapter03", "Chapter03", "{0751DADC-6C74-4CD9-9C3D-1DC5D8E9A0A2}"
EndProject
Project("{FAE04EC0-301F-11D3-BF4B-00C04F79EFBC}") = "Section01", "Chapter03\Section01\Section01.csproj", "{A95A7735-1058-4959-94B0-663716B27104}"
EndProject
Project("{2150E333-8FDC-42A3-9474-1A3956D46DE8}") = "演習問題", "演習問題", "{D0FA7440-0095-410A-869A-BF1480E590C0}"
EndProject
Project("{FAE04EC0-301F-11D3-BF4B-00C04F79EFBC}") = "Exercise01", "Chapter03\演習問題\Exercise01\Exercise01.csproj", "{E11D342A-B1A1-4B07-90A9-7876A1E1070C}"
EndProject
Project("{FAE04EC0-301F-11D3-BF4B-00C04F79EFBC}") = "Exercise02", "Chapter03\演習問題\Exercise02\Exercise02.csproj", "{F5A10229-28CE-4C8C-84D2-0ABE3DB16B9F}"
EndProject
Project("{2150E333-8FDC-42A3-9474-1A3956D46DE8}") = "Chapter04", "Chapter04", "{372019C9-B8F0-476A-B624-00B9A03165FE}"
EndProject
Project("{FAE04EC0-301F-11D3-BF4B-00C04F79EFBC}") = "Section01", "Chapter04\Section01\Section01.csproj", "{E3E2835D-E24E-434B-8D7C-4E72B5B76F45}"
EndProject
Project("{2150E333-8FDC-42A3-9474-1A3956D46DE8}") = "演習問題", "演習問題", "{58D1D413-3420-4B0A-B680-9570E857DD6A}"
EndProject
Project("{FAE04EC0-301F-11D3-BF4B-00C04F79EFBC}") = "Exercise01", "Chapter04\演習問題\Exercise01\Exercise01.csproj", "{5540FB65-B994-4EDD-9A7F-CE1CE8CC5222}"
EndProject
Project("{FAE04EC0-301F-11D3-BF4B-00C04F79EFBC}") = "Exercise02", "Chapter04\演習問題\Exercise02\Exercise02.csproj", "{A8DF1680-357C-42EA-9DC8-130D41819620}"
EndProject
Project("{2150E333-8FDC-42A3-9474-1A3956D46DE8}") = "Chapter05", "Chapter05", "{EE3D0977-8518-4215-B886-EE51C2FDA918}"
EndProject
Project("{2150E333-8FDC-42A3-9474-1A3956D46DE8}") = "演習問題", "演習問題", "{2D2A0CD1-5C65-49AE-A987-87AA73F8A576}"
EndProject
Project("{FAE04EC0-301F-11D3-BF4B-00C04F79EFBC}") = "Exercise01", "Chapter05\演習問題\Exercise01\Exercise01.csproj", "{75210877-508F-4B88-807C-64AB7BA39722}"
EndProject
Project("{FAE04EC0-301F-11D3-BF4B-00C04F79EFBC}") = "Exercise02", "Chapter05\演習問題\Exercise02\Exercise02.csproj", "{5B874C53-30D0-494D-AB9F-47A5D76D8A1D}"
EndProject
Project("{FAE04EC0-301F-11D3-BF4B-00C04F79EFBC}") = "Exercise03", "Chapter05\演習問題\Exercise03\Exercise03.csproj", "{AF3DFA8D-B3D4-4ECF-BDD4-20313A46918D}"
EndProject
Project("{FAE04EC0-301F-11D3-BF4B-00C04F79EFBC}") = "Exercise04", "Chapter05\演習問題\Exercise04\Exercise04.csproj", "{3C7F9265-B556-43BC-8CC8-8FC869FC1CD2}"
EndProject
Project("{2150E333-8FDC-42A3-9474-1A3956D46DE8}") = "Chapter06", "Chapter06", "{634E8A62-5A72-4F2D-AC73-EBFB4E15DA5E}"
EndProject
Project("{FAE04EC0-301F-11D3-BF4B-00C04F79EFBC}") = "Section01", "Chapter06\Section01\Section01.csproj", "{D45FEBF1-1057-4EC2-98B4-3C7068AFCD91}"
EndProject
Project("{2150E333-8FDC-42A3-9474-1A3956D46DE8}") = "演習問題", "演習問題", "{D7EE1243-E5BB-4BF9-A336-ACCD6CD06731}"
EndProject
Project("{FAE04EC0-301F-11D3-BF4B-00C04F79EFBC}") = "Exercise01", "Chapter06\演習問題\Exercise01\Exercise01.csproj", "{603C3CF1-73C3-4E18-B853-FF7F350341AA}"
EndProject
Project("{FAE04EC0-301F-11D3-BF4B-00C04F79EFBC}") = "Exercise02", "Chapter06\演習問題\Exercise02\Exercise02.csproj", "{ADCA794D-1BA6-478E-A036-FD734BFD301E}"
EndProject
Project("{2150E333-8FDC-42A3-9474-1A3956D46DE8}") = "Chapter07", "Chapter07", "{9FBC54B6-84D7-4A7F-877F-9EBD86E830D6}"
EndProject
Project("{FAE04EC0-301F-11D3-BF4B-00C04F79EFBC}") = "Section01", "Chapter07\Section01\Section01.csproj", "{6AE03597-F02D-49F5-9644-BE5342A43984}"
EndProject
Project("{FAE04EC0-301F-11D3-BF4B-00C04F79EFBC}") = "Section02", "Chapter07\Section02\Section02.csproj", "{CB29D33D-4599-4974-A0FD-21B1CBA907D7}"
EndProject
Project("{2150E333-8FDC-42A3-9474-1A3956D46DE8}") = "Test2406", "Test2406", "{52DD3123-E8FA-45DB-8F64-B3949094D0D5}"
EndProject
Project("{FAE04EC0-301F-11D3-BF4B-00C04F79EFBC}") = "Test01", "TestProject\Test01\Test01.csproj", "{2BFACDC3-F44D-4199-8498-F5C3C4AC0335}"
EndProject
Project("{FAE04EC0-301F-11D3-BF4B-00C04F79EFBC}") = "Test02", "TestProject\Test02\Test02.csproj", "{E461C0A8-8900-485C-B520-E929BA33F712}"
EndProject
Project("{FAE04EC0-301F-11D3-BF4B-00C04F79EFBC}") = "Section03", "Chapter07\Section03\Section03.csproj", "{B7D33469-04B8-48E4-BED9-23C19BC33D4D}"
EndProject
Project("{FAE04EC0-301F-11D3-BF4B-00C04F79EFBC}") = "Section04", "Chapter07\Section04\Section04.csproj", "{681BD14D-8334-423B-A685-86199FDC1F6A}"
EndProject
Project("{2150E333-8FDC-42A3-9474-1A3956D46DE8}") = "Chapter08", "Chapter08", "{EF6456D4-BA81-430D-AD71-0087D0CD6ADE}"
EndProject
Project("{FAE04EC0-301F-11D3-BF4B-00C04F79EFBC}") = "Section01", "Chapter08\Section01\Section01.csproj", "{A4BB5EE7-2A8F-4F6B-970E-ABC99A779390}"
EndProject
Project("{9A19103F-16F7-4668-BE54-9A1E7A4F7556}") = "DateTimeApp", "FormApp\DateTimeApp\DateTimeApp.csproj", "{2A64AA73-D56E-4A35-901E-C0EA56D41A12}"
EndProject
Project("{2150E333-8FDC-42A3-9474-1A3956D46DE8}") = "演習問題", "演習問題", "{034B55C3-A91D-455A-9252-FCCB08CDA193}"
EndProject
Project("{9A19103F-16F7-4668-BE54-9A1E7A4F7556}") = "Exercise01", "Chapter08\演習問題\Exercise01\Exercise01.csproj", "{EF5343E3-08E5-4A4B-9910-C2AD2693C2AB}"
EndProject
Project("{9A19103F-16F7-4668-BE54-9A1E7A4F7556}") = "CarReportSystem", "FormApp\CarReportSystem\CarReportSystem.csproj", "{F5EB2577-A4BF-4B02-9200-6E52D9ADFAAE}"
EndProject
Project("{2150E333-8FDC-42A3-9474-1A3956D46DE8}") = "Chapter11", "Chapter11", "{063CDD2A-D404-4F6B-B7F9-C3DE7952B5FA}"
EndProject
Project("{FAE04EC0-301F-11D3-BF4B-00C04F79EFBC}") = "Section01", "Chapter11\Section01\Section01.csproj", "{4F113EA8-84D4-46D0-B244-93A18F94D105}"
EndProject
Project("{2150E333-8FDC-42A3-9474-1A3956D46DE8}") = "演習問題", "演習問題", "{8523928C-A939-4C75-8C95-54961B5F4148}"
EndProject
Project("{FAE04EC0-301F-11D3-BF4B-00C04F79EFBC}") = "Exercise01", "Chapter11\演習問題\Exercise01\Exercise01.csproj", "{7CFB526A-F40E-44DD-AB50-2BA0F0C1946C}"
EndProject
Project("{FAE04EC0-301F-11D3-BF4B-00C04F79EFBC}") = "Section02", "Chapter11\Section02\Section02.csproj", "{D430777E-2BC1-4B34-B01E-9D3D23674D51}"
EndProject
Project("{2150E333-8FDC-42A3-9474-1A3956D46DE8}") = "Chapter12", "Chapter12", "{880700EF-C097-4E94-8511-25545248DB31}"
EndProject
Project("{FAE04EC0-301F-11D3-BF4B-00C04F79EFBC}") = "Section01", "Chapter12\Section01\Section01.csproj", "{F7DC6B59-8575-425E-974F-F2AF0D8BCBFA}"
EndProject
Project("{2150E333-8FDC-42A3-9474-1A3956D46DE8}") = "演習問題", "演習問題", "{11E378F1-477F-4F69-84E9-FE655BD7DCF1}"
EndProject
Project("{FAE04EC0-301F-11D3-BF4B-00C04F79EFBC}") = "Exercise01", "Chapter12\演習問題\Exercise01\Exercise01.csproj", "{2883D045-D2FF-45B2-950B-F7B765758168}"
EndProject
Project("{FAE04EC0-301F-11D3-BF4B-00C04F79EFBC}") = "Section02", "Chapter12\Section02\Section02.csproj", "{057379DE-E446-4771-88FC-7F173324A61D}"
EndProject
Project("{FAE04EC0-301F-11D3-BF4B-00C04F79EFBC}") = "RssReader", "FormApp\RssReader\RssReader.csproj", "{4D39EE8A-6EDF-4D94-AADB-5269F8C11F3A}"
EndProject
Project("{2150E333-8FDC-42A3-9474-1A3956D46DE8}") = "Chapter13", "Chapter13", "{F32323CB-387E-4CF9-9D78-AE2343A1EEE1}"
EndProject
Project("{FAE04EC0-301F-11D3-BF4B-00C04F79EFBC}") = "SampleEntityFramework", "Chapter13\SampleEntityFramework\SampleEntityFramework.csproj", "{5D8C3E4A-B696-49C6-9D83-45B3F5F48D4E}"
EndProject
Project("{FAE04EC0-301F-11D3-BF4B-00C04F79EFBC}") = "ADOSample", "FormApp\ADOSample\ADOSample.csproj", "{0A4A4B3D-62CB-4DB8-8044-8D2591A25A98}"
EndProject
Project("{2150E333-8FDC-42A3-9474-1A3956D46DE8}") = "Chapter15", "Chapter15", "{DFCF8A14-C156-40E6-9439-2AD4EDD9162E}"
EndProject
Project("{FAE04EC0-301F-11D3-BF4B-00C04F79EFBC}") = "Section01", "Chapter15\Section01\Section01.csproj", "{CF9458C6-A0B9-48AA-BF30-1C1D0B1CBD67}"
EndProject
Project("{2150E333-8FDC-42A3-9474-1A3956D46DE8}") = "演習問題", "演習問題", "{AF2F76E9-F03E-46E5-9A74-A5094B00A3C4}"
EndProject
Project("{FAE04EC0-301F-11D3-BF4B-00C04F79EFBC}") = "Exercise01", "Chapter15\演習問題\Exercise01\Exercise01.csproj", "{DA7FC497-7475-4691-B733-7AC6CFB83E9E}"
EndProject
Project("{2150E333-8FDC-42A3-9474-1A3956D46DE8}") = "Chapter16", "Chapter16", "{4056CB84-CF8C-4E90-8EB6-0EEB44F60FBD}"
EndProject
Project("{FAE04EC0-301F-11D3-BF4B-00C04F79EFBC}") = "Section03", "Chapter16\Section03\Section03.csproj", "{DF3264C9-464A-4FDB-9DF1-747750F9BD98}"
EndProject
Project("{FAE04EC0-301F-11D3-BF4B-00C04F79EFBC}") = "Section04", "Chapter16\Section04\Section04.csproj", "{4C87E06A-570E-4FAE-9116-0EDBB1CF66A7}"
EndProject
Project("{2150E333-8FDC-42A3-9474-1A3956D46DE8}") = "Chapter17", "Chapter17", "{8B0870FE-8F0E-4139-9E4D-C30E57C9A8E2}"
EndProject
Project("{FAE04EC0-301F-11D3-BF4B-00C04F79EFBC}") = "Section01", "Chapter17\Section01\Section01.csproj", "{26D47F2E-5B3F-4FBA-BC09-068F53029A0D}"
EndProject
Project("{FAE04EC0-301F-11D3-BF4B-00C04F79EFBC}") = "Section02", "Chapter17\Section02\Section02.csproj", "{6141C5A7-B7D0-4CE8-9990-3192C9C7E806}"
EndProject
Project("{2150E333-8FDC-42A3-9474-1A3956D46DE8}") = "TemplateMethod", "TemplateMethod", "{93DD8F41-BA26-473B-B977-5FC78F754395}"
EndProject
Project("{FAE04EC0-301F-11D3-BF4B-00C04F79EFBC}") = "TextFileProcessor", "Chapter17\TemplateMethod\TextFileProcessor\TextFileProcessor.csproj", "{48ED2EF6-A3BA-4892-A4B8-6C242089A905}"
EndProject
Project("{FAE04EC0-301F-11D3-BF4B-00C04F79EFBC}") = "LineCounter", "Chapter17\TemplateMethod\LineCounter\LineCounter.csproj", "{A79C7C5B-6A84-43DF-87F4-1D59CC73FA8A}"
EndProject
Project("{2150E333-8FDC-42A3-9474-1A3956D46DE8}") = "Strategy", "Strategy", "{850B03B6-9D87-4331-B9F6-E5652A1CB7D6}"
EndProject
Project("{FAE04EC0-301F-11D3-BF4B-00C04F79EFBC}") = "DistanceConverter", "Chapter17\Strategy\DistanceConverter\DistanceConverter.csproj", "{81EABDE0-202D-4D65-BF70-F7558706C7A9}"
EndProject
Project("{FAE04EC0-301F-11D3-BF4B-00C04F79EFBC}") = "TextNumberSizeChange", "Chapter17\TemplateMethod\TextNumberSizeChange\TextNumberSizeChange.csproj", "{63462D85-8C90-443B-A0F8-AFF40A3A7B0B}"
EndProject
Project("{2150E333-8FDC-42A3-9474-1A3956D46DE8}") = "WPF", "WPF", "{57E7568D-4C81-4D45-AE38-1F255FB6941A}"
EndProject
Project("{FAE04EC0-301F-11D3-BF4B-00C04F79EFBC}") = "SampleApplication", "WPF\SampleApplication\SampleApplication.csproj", "{30CB8157-D4D0-4372-AEBB-A02BFEA50E60}"
EndProject
Project("{FAE04EC0-301F-11D3-BF4B-00C04F79EFBC}") = "GridSample", "WPF\GridSample\GridSample.csproj", "{640056CB-86BA-4FA5-9071-DA5E0799ADB1}"
EndProject
Project("{FAE04EC0-301F-11D3-BF4B-00C04F79EFBC}") = "SampleSlider", "WPF\SampleSlider\SampleSlider.csproj", "{F1A78B03-E353-4498-9795-2681346E3414}"
EndProject
Project("{FAE04EC0-301F-11D3-BF4B-00C04F79EFBC}") = "ColorChecker", "WPF\ColorChecker\ColorChecker.csproj", "{304C2A85-1940-488F-B6E6-2B6E95CC6121}"
EndProject
Project("{FAE04EC0-301F-11D3-BF4B-00C04F79EFBC}") = "SampleUnitConverter", "WPF\SampleUnitConverter\SampleUnitConverter.csproj", "{891917E8-3F8A-43C7-A582-4F189E610637}"
EndProject
Global
	GlobalSection(SolutionConfigurationPlatforms) = preSolution
		Debug|Any CPU = Debug|Any CPU
		Release|Any CPU = Release|Any CPU
	EndGlobalSection
	GlobalSection(ProjectConfigurationPlatforms) = postSolution
		{61F9D648-0658-4A8E-A4A0-5405B30C694E}.Debug|Any CPU.ActiveCfg = Debug|Any CPU
		{61F9D648-0658-4A8E-A4A0-5405B30C694E}.Debug|Any CPU.Build.0 = Debug|Any CPU
		{61F9D648-0658-4A8E-A4A0-5405B30C694E}.Release|Any CPU.ActiveCfg = Release|Any CPU
		{61F9D648-0658-4A8E-A4A0-5405B30C694E}.Release|Any CPU.Build.0 = Release|Any CPU
		{977F27AA-A11C-42D8-9374-67BA68B9054F}.Debug|Any CPU.ActiveCfg = Debug|Any CPU
		{977F27AA-A11C-42D8-9374-67BA68B9054F}.Debug|Any CPU.Build.0 = Debug|Any CPU
		{977F27AA-A11C-42D8-9374-67BA68B9054F}.Release|Any CPU.ActiveCfg = Release|Any CPU
		{977F27AA-A11C-42D8-9374-67BA68B9054F}.Release|Any CPU.Build.0 = Release|Any CPU
		{394AAC24-6607-476A-99EF-CDBFDB40E68C}.Debug|Any CPU.ActiveCfg = Debug|Any CPU
		{394AAC24-6607-476A-99EF-CDBFDB40E68C}.Debug|Any CPU.Build.0 = Debug|Any CPU
		{394AAC24-6607-476A-99EF-CDBFDB40E68C}.Release|Any CPU.ActiveCfg = Release|Any CPU
		{394AAC24-6607-476A-99EF-CDBFDB40E68C}.Release|Any CPU.Build.0 = Release|Any CPU
		{B7A5D223-0795-468A-8AA0-1E4AC0AE8AF7}.Debug|Any CPU.ActiveCfg = Debug|Any CPU
		{B7A5D223-0795-468A-8AA0-1E4AC0AE8AF7}.Debug|Any CPU.Build.0 = Debug|Any CPU
		{B7A5D223-0795-468A-8AA0-1E4AC0AE8AF7}.Release|Any CPU.ActiveCfg = Release|Any CPU
		{B7A5D223-0795-468A-8AA0-1E4AC0AE8AF7}.Release|Any CPU.Build.0 = Release|Any CPU
		{3094B340-A7D9-454A-B054-1536D5F3A276}.Debug|Any CPU.ActiveCfg = Debug|Any CPU
		{3094B340-A7D9-454A-B054-1536D5F3A276}.Debug|Any CPU.Build.0 = Debug|Any CPU
		{3094B340-A7D9-454A-B054-1536D5F3A276}.Release|Any CPU.ActiveCfg = Release|Any CPU
		{3094B340-A7D9-454A-B054-1536D5F3A276}.Release|Any CPU.Build.0 = Release|Any CPU
		{BD2F3094-56FD-4CBC-98BF-FFA784B3B74B}.Debug|Any CPU.ActiveCfg = Debug|Any CPU
		{BD2F3094-56FD-4CBC-98BF-FFA784B3B74B}.Debug|Any CPU.Build.0 = Debug|Any CPU
		{BD2F3094-56FD-4CBC-98BF-FFA784B3B74B}.Release|Any CPU.ActiveCfg = Release|Any CPU
		{BD2F3094-56FD-4CBC-98BF-FFA784B3B74B}.Release|Any CPU.Build.0 = Release|Any CPU
		{F473ED81-F743-48AC-8D9A-7F936A29F826}.Debug|Any CPU.ActiveCfg = Debug|Any CPU
		{F473ED81-F743-48AC-8D9A-7F936A29F826}.Debug|Any CPU.Build.0 = Debug|Any CPU
		{F473ED81-F743-48AC-8D9A-7F936A29F826}.Release|Any CPU.ActiveCfg = Release|Any CPU
		{F473ED81-F743-48AC-8D9A-7F936A29F826}.Release|Any CPU.Build.0 = Release|Any CPU
		{A95A7735-1058-4959-94B0-663716B27104}.Debug|Any CPU.ActiveCfg = Debug|Any CPU
		{A95A7735-1058-4959-94B0-663716B27104}.Debug|Any CPU.Build.0 = Debug|Any CPU
		{A95A7735-1058-4959-94B0-663716B27104}.Release|Any CPU.ActiveCfg = Release|Any CPU
		{A95A7735-1058-4959-94B0-663716B27104}.Release|Any CPU.Build.0 = Release|Any CPU
		{E11D342A-B1A1-4B07-90A9-7876A1E1070C}.Debug|Any CPU.ActiveCfg = Debug|Any CPU
		{E11D342A-B1A1-4B07-90A9-7876A1E1070C}.Debug|Any CPU.Build.0 = Debug|Any CPU
		{E11D342A-B1A1-4B07-90A9-7876A1E1070C}.Release|Any CPU.ActiveCfg = Release|Any CPU
		{E11D342A-B1A1-4B07-90A9-7876A1E1070C}.Release|Any CPU.Build.0 = Release|Any CPU
		{F5A10229-28CE-4C8C-84D2-0ABE3DB16B9F}.Debug|Any CPU.ActiveCfg = Debug|Any CPU
		{F5A10229-28CE-4C8C-84D2-0ABE3DB16B9F}.Debug|Any CPU.Build.0 = Debug|Any CPU
		{F5A10229-28CE-4C8C-84D2-0ABE3DB16B9F}.Release|Any CPU.ActiveCfg = Release|Any CPU
		{F5A10229-28CE-4C8C-84D2-0ABE3DB16B9F}.Release|Any CPU.Build.0 = Release|Any CPU
		{E3E2835D-E24E-434B-8D7C-4E72B5B76F45}.Debug|Any CPU.ActiveCfg = Debug|Any CPU
		{E3E2835D-E24E-434B-8D7C-4E72B5B76F45}.Debug|Any CPU.Build.0 = Debug|Any CPU
		{E3E2835D-E24E-434B-8D7C-4E72B5B76F45}.Release|Any CPU.ActiveCfg = Release|Any CPU
		{E3E2835D-E24E-434B-8D7C-4E72B5B76F45}.Release|Any CPU.Build.0 = Release|Any CPU
		{5540FB65-B994-4EDD-9A7F-CE1CE8CC5222}.Debug|Any CPU.ActiveCfg = Debug|Any CPU
		{5540FB65-B994-4EDD-9A7F-CE1CE8CC5222}.Debug|Any CPU.Build.0 = Debug|Any CPU
		{5540FB65-B994-4EDD-9A7F-CE1CE8CC5222}.Release|Any CPU.ActiveCfg = Release|Any CPU
		{5540FB65-B994-4EDD-9A7F-CE1CE8CC5222}.Release|Any CPU.Build.0 = Release|Any CPU
		{A8DF1680-357C-42EA-9DC8-130D41819620}.Debug|Any CPU.ActiveCfg = Debug|Any CPU
		{A8DF1680-357C-42EA-9DC8-130D41819620}.Debug|Any CPU.Build.0 = Debug|Any CPU
		{A8DF1680-357C-42EA-9DC8-130D41819620}.Release|Any CPU.ActiveCfg = Release|Any CPU
		{A8DF1680-357C-42EA-9DC8-130D41819620}.Release|Any CPU.Build.0 = Release|Any CPU
		{75210877-508F-4B88-807C-64AB7BA39722}.Debug|Any CPU.ActiveCfg = Debug|Any CPU
		{75210877-508F-4B88-807C-64AB7BA39722}.Debug|Any CPU.Build.0 = Debug|Any CPU
		{75210877-508F-4B88-807C-64AB7BA39722}.Release|Any CPU.ActiveCfg = Release|Any CPU
		{75210877-508F-4B88-807C-64AB7BA39722}.Release|Any CPU.Build.0 = Release|Any CPU
		{5B874C53-30D0-494D-AB9F-47A5D76D8A1D}.Debug|Any CPU.ActiveCfg = Debug|Any CPU
		{5B874C53-30D0-494D-AB9F-47A5D76D8A1D}.Debug|Any CPU.Build.0 = Debug|Any CPU
		{5B874C53-30D0-494D-AB9F-47A5D76D8A1D}.Release|Any CPU.ActiveCfg = Release|Any CPU
		{5B874C53-30D0-494D-AB9F-47A5D76D8A1D}.Release|Any CPU.Build.0 = Release|Any CPU
		{AF3DFA8D-B3D4-4ECF-BDD4-20313A46918D}.Debug|Any CPU.ActiveCfg = Debug|Any CPU
		{AF3DFA8D-B3D4-4ECF-BDD4-20313A46918D}.Debug|Any CPU.Build.0 = Debug|Any CPU
		{AF3DFA8D-B3D4-4ECF-BDD4-20313A46918D}.Release|Any CPU.ActiveCfg = Release|Any CPU
		{AF3DFA8D-B3D4-4ECF-BDD4-20313A46918D}.Release|Any CPU.Build.0 = Release|Any CPU
		{3C7F9265-B556-43BC-8CC8-8FC869FC1CD2}.Debug|Any CPU.ActiveCfg = Debug|Any CPU
		{3C7F9265-B556-43BC-8CC8-8FC869FC1CD2}.Debug|Any CPU.Build.0 = Debug|Any CPU
		{3C7F9265-B556-43BC-8CC8-8FC869FC1CD2}.Release|Any CPU.ActiveCfg = Release|Any CPU
		{3C7F9265-B556-43BC-8CC8-8FC869FC1CD2}.Release|Any CPU.Build.0 = Release|Any CPU
		{D45FEBF1-1057-4EC2-98B4-3C7068AFCD91}.Debug|Any CPU.ActiveCfg = Debug|Any CPU
		{D45FEBF1-1057-4EC2-98B4-3C7068AFCD91}.Debug|Any CPU.Build.0 = Debug|Any CPU
		{D45FEBF1-1057-4EC2-98B4-3C7068AFCD91}.Release|Any CPU.ActiveCfg = Release|Any CPU
		{D45FEBF1-1057-4EC2-98B4-3C7068AFCD91}.Release|Any CPU.Build.0 = Release|Any CPU
		{603C3CF1-73C3-4E18-B853-FF7F350341AA}.Debug|Any CPU.ActiveCfg = Debug|Any CPU
		{603C3CF1-73C3-4E18-B853-FF7F350341AA}.Debug|Any CPU.Build.0 = Debug|Any CPU
		{603C3CF1-73C3-4E18-B853-FF7F350341AA}.Release|Any CPU.ActiveCfg = Release|Any CPU
		{603C3CF1-73C3-4E18-B853-FF7F350341AA}.Release|Any CPU.Build.0 = Release|Any CPU
		{ADCA794D-1BA6-478E-A036-FD734BFD301E}.Debug|Any CPU.ActiveCfg = Debug|Any CPU
		{ADCA794D-1BA6-478E-A036-FD734BFD301E}.Debug|Any CPU.Build.0 = Debug|Any CPU
		{ADCA794D-1BA6-478E-A036-FD734BFD301E}.Release|Any CPU.ActiveCfg = Release|Any CPU
		{ADCA794D-1BA6-478E-A036-FD734BFD301E}.Release|Any CPU.Build.0 = Release|Any CPU
		{6AE03597-F02D-49F5-9644-BE5342A43984}.Debug|Any CPU.ActiveCfg = Debug|Any CPU
		{6AE03597-F02D-49F5-9644-BE5342A43984}.Debug|Any CPU.Build.0 = Debug|Any CPU
		{6AE03597-F02D-49F5-9644-BE5342A43984}.Release|Any CPU.ActiveCfg = Release|Any CPU
		{6AE03597-F02D-49F5-9644-BE5342A43984}.Release|Any CPU.Build.0 = Release|Any CPU
		{CB29D33D-4599-4974-A0FD-21B1CBA907D7}.Debug|Any CPU.ActiveCfg = Debug|Any CPU
		{CB29D33D-4599-4974-A0FD-21B1CBA907D7}.Debug|Any CPU.Build.0 = Debug|Any CPU
		{CB29D33D-4599-4974-A0FD-21B1CBA907D7}.Release|Any CPU.ActiveCfg = Release|Any CPU
		{CB29D33D-4599-4974-A0FD-21B1CBA907D7}.Release|Any CPU.Build.0 = Release|Any CPU
		{2BFACDC3-F44D-4199-8498-F5C3C4AC0335}.Debug|Any CPU.ActiveCfg = Debug|Any CPU
		{2BFACDC3-F44D-4199-8498-F5C3C4AC0335}.Debug|Any CPU.Build.0 = Debug|Any CPU
		{2BFACDC3-F44D-4199-8498-F5C3C4AC0335}.Release|Any CPU.ActiveCfg = Release|Any CPU
		{2BFACDC3-F44D-4199-8498-F5C3C4AC0335}.Release|Any CPU.Build.0 = Release|Any CPU
		{E461C0A8-8900-485C-B520-E929BA33F712}.Debug|Any CPU.ActiveCfg = Debug|Any CPU
		{E461C0A8-8900-485C-B520-E929BA33F712}.Debug|Any CPU.Build.0 = Debug|Any CPU
		{E461C0A8-8900-485C-B520-E929BA33F712}.Release|Any CPU.ActiveCfg = Release|Any CPU
		{E461C0A8-8900-485C-B520-E929BA33F712}.Release|Any CPU.Build.0 = Release|Any CPU
		{B7D33469-04B8-48E4-BED9-23C19BC33D4D}.Debug|Any CPU.ActiveCfg = Debug|Any CPU
		{B7D33469-04B8-48E4-BED9-23C19BC33D4D}.Debug|Any CPU.Build.0 = Debug|Any CPU
		{B7D33469-04B8-48E4-BED9-23C19BC33D4D}.Release|Any CPU.ActiveCfg = Release|Any CPU
		{B7D33469-04B8-48E4-BED9-23C19BC33D4D}.Release|Any CPU.Build.0 = Release|Any CPU
		{681BD14D-8334-423B-A685-86199FDC1F6A}.Debug|Any CPU.ActiveCfg = Debug|Any CPU
		{681BD14D-8334-423B-A685-86199FDC1F6A}.Debug|Any CPU.Build.0 = Debug|Any CPU
		{681BD14D-8334-423B-A685-86199FDC1F6A}.Release|Any CPU.ActiveCfg = Release|Any CPU
		{681BD14D-8334-423B-A685-86199FDC1F6A}.Release|Any CPU.Build.0 = Release|Any CPU
		{A4BB5EE7-2A8F-4F6B-970E-ABC99A779390}.Debug|Any CPU.ActiveCfg = Debug|Any CPU
		{A4BB5EE7-2A8F-4F6B-970E-ABC99A779390}.Debug|Any CPU.Build.0 = Debug|Any CPU
		{A4BB5EE7-2A8F-4F6B-970E-ABC99A779390}.Release|Any CPU.ActiveCfg = Release|Any CPU
		{A4BB5EE7-2A8F-4F6B-970E-ABC99A779390}.Release|Any CPU.Build.0 = Release|Any CPU
		{2A64AA73-D56E-4A35-901E-C0EA56D41A12}.Debug|Any CPU.ActiveCfg = Debug|Any CPU
		{2A64AA73-D56E-4A35-901E-C0EA56D41A12}.Debug|Any CPU.Build.0 = Debug|Any CPU
		{2A64AA73-D56E-4A35-901E-C0EA56D41A12}.Release|Any CPU.ActiveCfg = Release|Any CPU
		{2A64AA73-D56E-4A35-901E-C0EA56D41A12}.Release|Any CPU.Build.0 = Release|Any CPU
		{EF5343E3-08E5-4A4B-9910-C2AD2693C2AB}.Debug|Any CPU.ActiveCfg = Debug|Any CPU
		{EF5343E3-08E5-4A4B-9910-C2AD2693C2AB}.Debug|Any CPU.Build.0 = Debug|Any CPU
		{EF5343E3-08E5-4A4B-9910-C2AD2693C2AB}.Release|Any CPU.ActiveCfg = Release|Any CPU
		{EF5343E3-08E5-4A4B-9910-C2AD2693C2AB}.Release|Any CPU.Build.0 = Release|Any CPU
		{F5EB2577-A4BF-4B02-9200-6E52D9ADFAAE}.Debug|Any CPU.ActiveCfg = Debug|Any CPU
		{F5EB2577-A4BF-4B02-9200-6E52D9ADFAAE}.Debug|Any CPU.Build.0 = Debug|Any CPU
		{F5EB2577-A4BF-4B02-9200-6E52D9ADFAAE}.Release|Any CPU.ActiveCfg = Release|Any CPU
		{F5EB2577-A4BF-4B02-9200-6E52D9ADFAAE}.Release|Any CPU.Build.0 = Release|Any CPU
		{4F113EA8-84D4-46D0-B244-93A18F94D105}.Debug|Any CPU.ActiveCfg = Debug|Any CPU
		{4F113EA8-84D4-46D0-B244-93A18F94D105}.Debug|Any CPU.Build.0 = Debug|Any CPU
		{4F113EA8-84D4-46D0-B244-93A18F94D105}.Release|Any CPU.ActiveCfg = Release|Any CPU
		{4F113EA8-84D4-46D0-B244-93A18F94D105}.Release|Any CPU.Build.0 = Release|Any CPU
		{7CFB526A-F40E-44DD-AB50-2BA0F0C1946C}.Debug|Any CPU.ActiveCfg = Debug|Any CPU
		{7CFB526A-F40E-44DD-AB50-2BA0F0C1946C}.Debug|Any CPU.Build.0 = Debug|Any CPU
		{7CFB526A-F40E-44DD-AB50-2BA0F0C1946C}.Release|Any CPU.ActiveCfg = Release|Any CPU
		{7CFB526A-F40E-44DD-AB50-2BA0F0C1946C}.Release|Any CPU.Build.0 = Release|Any CPU
		{D430777E-2BC1-4B34-B01E-9D3D23674D51}.Debug|Any CPU.ActiveCfg = Debug|Any CPU
		{D430777E-2BC1-4B34-B01E-9D3D23674D51}.Debug|Any CPU.Build.0 = Debug|Any CPU
		{D430777E-2BC1-4B34-B01E-9D3D23674D51}.Release|Any CPU.ActiveCfg = Release|Any CPU
		{D430777E-2BC1-4B34-B01E-9D3D23674D51}.Release|Any CPU.Build.0 = Release|Any CPU
		{F7DC6B59-8575-425E-974F-F2AF0D8BCBFA}.Debug|Any CPU.ActiveCfg = Debug|Any CPU
		{F7DC6B59-8575-425E-974F-F2AF0D8BCBFA}.Debug|Any CPU.Build.0 = Debug|Any CPU
		{F7DC6B59-8575-425E-974F-F2AF0D8BCBFA}.Release|Any CPU.ActiveCfg = Release|Any CPU
		{F7DC6B59-8575-425E-974F-F2AF0D8BCBFA}.Release|Any CPU.Build.0 = Release|Any CPU
		{2883D045-D2FF-45B2-950B-F7B765758168}.Debug|Any CPU.ActiveCfg = Debug|Any CPU
		{2883D045-D2FF-45B2-950B-F7B765758168}.Debug|Any CPU.Build.0 = Debug|Any CPU
		{2883D045-D2FF-45B2-950B-F7B765758168}.Release|Any CPU.ActiveCfg = Release|Any CPU
		{2883D045-D2FF-45B2-950B-F7B765758168}.Release|Any CPU.Build.0 = Release|Any CPU
		{057379DE-E446-4771-88FC-7F173324A61D}.Debug|Any CPU.ActiveCfg = Debug|Any CPU
		{057379DE-E446-4771-88FC-7F173324A61D}.Debug|Any CPU.Build.0 = Debug|Any CPU
		{057379DE-E446-4771-88FC-7F173324A61D}.Release|Any CPU.ActiveCfg = Release|Any CPU
		{057379DE-E446-4771-88FC-7F173324A61D}.Release|Any CPU.Build.0 = Release|Any CPU
		{4D39EE8A-6EDF-4D94-AADB-5269F8C11F3A}.Debug|Any CPU.ActiveCfg = Debug|Any CPU
		{4D39EE8A-6EDF-4D94-AADB-5269F8C11F3A}.Debug|Any CPU.Build.0 = Debug|Any CPU
		{4D39EE8A-6EDF-4D94-AADB-5269F8C11F3A}.Release|Any CPU.ActiveCfg = Release|Any CPU
		{4D39EE8A-6EDF-4D94-AADB-5269F8C11F3A}.Release|Any CPU.Build.0 = Release|Any CPU
		{5D8C3E4A-B696-49C6-9D83-45B3F5F48D4E}.Debug|Any CPU.ActiveCfg = Debug|Any CPU
		{5D8C3E4A-B696-49C6-9D83-45B3F5F48D4E}.Debug|Any CPU.Build.0 = Debug|Any CPU
		{5D8C3E4A-B696-49C6-9D83-45B3F5F48D4E}.Release|Any CPU.ActiveCfg = Release|Any CPU
		{5D8C3E4A-B696-49C6-9D83-45B3F5F48D4E}.Release|Any CPU.Build.0 = Release|Any CPU
		{0A4A4B3D-62CB-4DB8-8044-8D2591A25A98}.Debug|Any CPU.ActiveCfg = Debug|Any CPU
		{0A4A4B3D-62CB-4DB8-8044-8D2591A25A98}.Debug|Any CPU.Build.0 = Debug|Any CPU
		{0A4A4B3D-62CB-4DB8-8044-8D2591A25A98}.Release|Any CPU.ActiveCfg = Release|Any CPU
		{0A4A4B3D-62CB-4DB8-8044-8D2591A25A98}.Release|Any CPU.Build.0 = Release|Any CPU
		{CF9458C6-A0B9-48AA-BF30-1C1D0B1CBD67}.Debug|Any CPU.ActiveCfg = Debug|Any CPU
		{CF9458C6-A0B9-48AA-BF30-1C1D0B1CBD67}.Debug|Any CPU.Build.0 = Debug|Any CPU
		{CF9458C6-A0B9-48AA-BF30-1C1D0B1CBD67}.Release|Any CPU.ActiveCfg = Release|Any CPU
		{CF9458C6-A0B9-48AA-BF30-1C1D0B1CBD67}.Release|Any CPU.Build.0 = Release|Any CPU
		{DA7FC497-7475-4691-B733-7AC6CFB83E9E}.Debug|Any CPU.ActiveCfg = Debug|Any CPU
		{DA7FC497-7475-4691-B733-7AC6CFB83E9E}.Debug|Any CPU.Build.0 = Debug|Any CPU
		{DA7FC497-7475-4691-B733-7AC6CFB83E9E}.Release|Any CPU.ActiveCfg = Release|Any CPU
		{DA7FC497-7475-4691-B733-7AC6CFB83E9E}.Release|Any CPU.Build.0 = Release|Any CPU
		{DF3264C9-464A-4FDB-9DF1-747750F9BD98}.Debug|Any CPU.ActiveCfg = Debug|Any CPU
		{DF3264C9-464A-4FDB-9DF1-747750F9BD98}.Debug|Any CPU.Build.0 = Debug|Any CPU
		{DF3264C9-464A-4FDB-9DF1-747750F9BD98}.Release|Any CPU.ActiveCfg = Release|Any CPU
		{DF3264C9-464A-4FDB-9DF1-747750F9BD98}.Release|Any CPU.Build.0 = Release|Any CPU
		{4C87E06A-570E-4FAE-9116-0EDBB1CF66A7}.Debug|Any CPU.ActiveCfg = Debug|Any CPU
		{4C87E06A-570E-4FAE-9116-0EDBB1CF66A7}.Debug|Any CPU.Build.0 = Debug|Any CPU
		{4C87E06A-570E-4FAE-9116-0EDBB1CF66A7}.Release|Any CPU.ActiveCfg = Release|Any CPU
		{4C87E06A-570E-4FAE-9116-0EDBB1CF66A7}.Release|Any CPU.Build.0 = Release|Any CPU
		{26D47F2E-5B3F-4FBA-BC09-068F53029A0D}.Debug|Any CPU.ActiveCfg = Debug|Any CPU
		{26D47F2E-5B3F-4FBA-BC09-068F53029A0D}.Debug|Any CPU.Build.0 = Debug|Any CPU
		{26D47F2E-5B3F-4FBA-BC09-068F53029A0D}.Release|Any CPU.ActiveCfg = Release|Any CPU
		{26D47F2E-5B3F-4FBA-BC09-068F53029A0D}.Release|Any CPU.Build.0 = Release|Any CPU
		{6141C5A7-B7D0-4CE8-9990-3192C9C7E806}.Debug|Any CPU.ActiveCfg = Debug|Any CPU
		{6141C5A7-B7D0-4CE8-9990-3192C9C7E806}.Debug|Any CPU.Build.0 = Debug|Any CPU
		{6141C5A7-B7D0-4CE8-9990-3192C9C7E806}.Release|Any CPU.ActiveCfg = Release|Any CPU
		{6141C5A7-B7D0-4CE8-9990-3192C9C7E806}.Release|Any CPU.Build.0 = Release|Any CPU
		{48ED2EF6-A3BA-4892-A4B8-6C242089A905}.Debug|Any CPU.ActiveCfg = Debug|Any CPU
		{48ED2EF6-A3BA-4892-A4B8-6C242089A905}.Debug|Any CPU.Build.0 = Debug|Any CPU
		{48ED2EF6-A3BA-4892-A4B8-6C242089A905}.Release|Any CPU.ActiveCfg = Release|Any CPU
		{48ED2EF6-A3BA-4892-A4B8-6C242089A905}.Release|Any CPU.Build.0 = Release|Any CPU
		{A79C7C5B-6A84-43DF-87F4-1D59CC73FA8A}.Debug|Any CPU.ActiveCfg = Debug|Any CPU
		{A79C7C5B-6A84-43DF-87F4-1D59CC73FA8A}.Debug|Any CPU.Build.0 = Debug|Any CPU
		{A79C7C5B-6A84-43DF-87F4-1D59CC73FA8A}.Release|Any CPU.ActiveCfg = Release|Any CPU
		{A79C7C5B-6A84-43DF-87F4-1D59CC73FA8A}.Release|Any CPU.Build.0 = Release|Any CPU
		{81EABDE0-202D-4D65-BF70-F7558706C7A9}.Debug|Any CPU.ActiveCfg = Debug|Any CPU
		{81EABDE0-202D-4D65-BF70-F7558706C7A9}.Debug|Any CPU.Build.0 = Debug|Any CPU
		{81EABDE0-202D-4D65-BF70-F7558706C7A9}.Release|Any CPU.ActiveCfg = Release|Any CPU
		{81EABDE0-202D-4D65-BF70-F7558706C7A9}.Release|Any CPU.Build.0 = Release|Any CPU
		{63462D85-8C90-443B-A0F8-AFF40A3A7B0B}.Debug|Any CPU.ActiveCfg = Debug|Any CPU
		{63462D85-8C90-443B-A0F8-AFF40A3A7B0B}.Debug|Any CPU.Build.0 = Debug|Any CPU
		{63462D85-8C90-443B-A0F8-AFF40A3A7B0B}.Release|Any CPU.ActiveCfg = Release|Any CPU
		{63462D85-8C90-443B-A0F8-AFF40A3A7B0B}.Release|Any CPU.Build.0 = Release|Any CPU
		{30CB8157-D4D0-4372-AEBB-A02BFEA50E60}.Debug|Any CPU.ActiveCfg = Debug|Any CPU
		{30CB8157-D4D0-4372-AEBB-A02BFEA50E60}.Debug|Any CPU.Build.0 = Debug|Any CPU
		{30CB8157-D4D0-4372-AEBB-A02BFEA50E60}.Release|Any CPU.ActiveCfg = Release|Any CPU
		{30CB8157-D4D0-4372-AEBB-A02BFEA50E60}.Release|Any CPU.Build.0 = Release|Any CPU
		{640056CB-86BA-4FA5-9071-DA5E0799ADB1}.Debug|Any CPU.ActiveCfg = Debug|Any CPU
		{640056CB-86BA-4FA5-9071-DA5E0799ADB1}.Debug|Any CPU.Build.0 = Debug|Any CPU
		{640056CB-86BA-4FA5-9071-DA5E0799ADB1}.Release|Any CPU.ActiveCfg = Release|Any CPU
		{640056CB-86BA-4FA5-9071-DA5E0799ADB1}.Release|Any CPU.Build.0 = Release|Any CPU
		{F1A78B03-E353-4498-9795-2681346E3414}.Debug|Any CPU.ActiveCfg = Debug|Any CPU
		{F1A78B03-E353-4498-9795-2681346E3414}.Debug|Any CPU.Build.0 = Debug|Any CPU
		{F1A78B03-E353-4498-9795-2681346E3414}.Release|Any CPU.ActiveCfg = Release|Any CPU
		{F1A78B03-E353-4498-9795-2681346E3414}.Release|Any CPU.Build.0 = Release|Any CPU
		{304C2A85-1940-488F-B6E6-2B6E95CC6121}.Debug|Any CPU.ActiveCfg = Debug|Any CPU
		{304C2A85-1940-488F-B6E6-2B6E95CC6121}.Debug|Any CPU.Build.0 = Debug|Any CPU
		{304C2A85-1940-488F-B6E6-2B6E95CC6121}.Release|Any CPU.ActiveCfg = Release|Any CPU
		{304C2A85-1940-488F-B6E6-2B6E95CC6121}.Release|Any CPU.Build.0 = Release|Any CPU
		{891917E8-3F8A-43C7-A582-4F189E610637}.Debug|Any CPU.ActiveCfg = Debug|Any CPU
		{891917E8-3F8A-43C7-A582-4F189E610637}.Debug|Any CPU.Build.0 = Debug|Any CPU
		{891917E8-3F8A-43C7-A582-4F189E610637}.Release|Any CPU.ActiveCfg = Release|Any CPU
		{891917E8-3F8A-43C7-A582-4F189E610637}.Release|Any CPU.Build.0 = Release|Any CPU
	EndGlobalSection
	GlobalSection(SolutionProperties) = preSolution
		HideSolutionNode = FALSE
	EndGlobalSection
	GlobalSection(NestedProjects) = preSolution
		{61F9D648-0658-4A8E-A4A0-5405B30C694E} = {99B85B3D-8418-484E-87E6-D27284AE6BD1}
		{977F27AA-A11C-42D8-9374-67BA68B9054F} = {99B85B3D-8418-484E-87E6-D27284AE6BD1}
		{0A33858E-055B-4D44-8CE0-59CC3D3EB4F4} = {4CE96DC7-4FE4-48DA-BBCA-7F0985150F0C}
		{394AAC24-6607-476A-99EF-CDBFDB40E68C} = {0A33858E-055B-4D44-8CE0-59CC3D3EB4F4}
		{B69D7589-AC1A-4201-AFCE-3C6A37019D73} = {4CE96DC7-4FE4-48DA-BBCA-7F0985150F0C}
		{B7A5D223-0795-468A-8AA0-1E4AC0AE8AF7} = {B69D7589-AC1A-4201-AFCE-3C6A37019D73}
		{BA92BBCF-6F35-4431-BC31-1FC87A3EB7BF} = {4CE96DC7-4FE4-48DA-BBCA-7F0985150F0C}
		{3094B340-A7D9-454A-B054-1536D5F3A276} = {BA92BBCF-6F35-4431-BC31-1FC87A3EB7BF}
		{BD2F3094-56FD-4CBC-98BF-FFA784B3B74B} = {BA92BBCF-6F35-4431-BC31-1FC87A3EB7BF}
		{F473ED81-F743-48AC-8D9A-7F936A29F826} = {9624AA7F-9EEF-4A19-B572-F71E099C4F8A}
		{A95A7735-1058-4959-94B0-663716B27104} = {0751DADC-6C74-4CD9-9C3D-1DC5D8E9A0A2}
		{D0FA7440-0095-410A-869A-BF1480E590C0} = {0751DADC-6C74-4CD9-9C3D-1DC5D8E9A0A2}
		{E11D342A-B1A1-4B07-90A9-7876A1E1070C} = {D0FA7440-0095-410A-869A-BF1480E590C0}
		{F5A10229-28CE-4C8C-84D2-0ABE3DB16B9F} = {D0FA7440-0095-410A-869A-BF1480E590C0}
		{E3E2835D-E24E-434B-8D7C-4E72B5B76F45} = {372019C9-B8F0-476A-B624-00B9A03165FE}
		{58D1D413-3420-4B0A-B680-9570E857DD6A} = {372019C9-B8F0-476A-B624-00B9A03165FE}
		{5540FB65-B994-4EDD-9A7F-CE1CE8CC5222} = {58D1D413-3420-4B0A-B680-9570E857DD6A}
		{A8DF1680-357C-42EA-9DC8-130D41819620} = {58D1D413-3420-4B0A-B680-9570E857DD6A}
		{2D2A0CD1-5C65-49AE-A987-87AA73F8A576} = {EE3D0977-8518-4215-B886-EE51C2FDA918}
		{75210877-508F-4B88-807C-64AB7BA39722} = {2D2A0CD1-5C65-49AE-A987-87AA73F8A576}
		{5B874C53-30D0-494D-AB9F-47A5D76D8A1D} = {2D2A0CD1-5C65-49AE-A987-87AA73F8A576}
		{AF3DFA8D-B3D4-4ECF-BDD4-20313A46918D} = {2D2A0CD1-5C65-49AE-A987-87AA73F8A576}
		{3C7F9265-B556-43BC-8CC8-8FC869FC1CD2} = {2D2A0CD1-5C65-49AE-A987-87AA73F8A576}
		{D45FEBF1-1057-4EC2-98B4-3C7068AFCD91} = {634E8A62-5A72-4F2D-AC73-EBFB4E15DA5E}
		{D7EE1243-E5BB-4BF9-A336-ACCD6CD06731} = {634E8A62-5A72-4F2D-AC73-EBFB4E15DA5E}
		{603C3CF1-73C3-4E18-B853-FF7F350341AA} = {D7EE1243-E5BB-4BF9-A336-ACCD6CD06731}
		{ADCA794D-1BA6-478E-A036-FD734BFD301E} = {D7EE1243-E5BB-4BF9-A336-ACCD6CD06731}
		{6AE03597-F02D-49F5-9644-BE5342A43984} = {9FBC54B6-84D7-4A7F-877F-9EBD86E830D6}
		{CB29D33D-4599-4974-A0FD-21B1CBA907D7} = {9FBC54B6-84D7-4A7F-877F-9EBD86E830D6}
		{2BFACDC3-F44D-4199-8498-F5C3C4AC0335} = {52DD3123-E8FA-45DB-8F64-B3949094D0D5}
		{E461C0A8-8900-485C-B520-E929BA33F712} = {52DD3123-E8FA-45DB-8F64-B3949094D0D5}
		{B7D33469-04B8-48E4-BED9-23C19BC33D4D} = {9FBC54B6-84D7-4A7F-877F-9EBD86E830D6}
		{681BD14D-8334-423B-A685-86199FDC1F6A} = {9FBC54B6-84D7-4A7F-877F-9EBD86E830D6}
		{A4BB5EE7-2A8F-4F6B-970E-ABC99A779390} = {EF6456D4-BA81-430D-AD71-0087D0CD6ADE}
		{2A64AA73-D56E-4A35-901E-C0EA56D41A12} = {9624AA7F-9EEF-4A19-B572-F71E099C4F8A}
		{034B55C3-A91D-455A-9252-FCCB08CDA193} = {EF6456D4-BA81-430D-AD71-0087D0CD6ADE}
		{EF5343E3-08E5-4A4B-9910-C2AD2693C2AB} = {034B55C3-A91D-455A-9252-FCCB08CDA193}
		{F5EB2577-A4BF-4B02-9200-6E52D9ADFAAE} = {9624AA7F-9EEF-4A19-B572-F71E099C4F8A}
		{4F113EA8-84D4-46D0-B244-93A18F94D105} = {063CDD2A-D404-4F6B-B7F9-C3DE7952B5FA}
		{8523928C-A939-4C75-8C95-54961B5F4148} = {063CDD2A-D404-4F6B-B7F9-C3DE7952B5FA}
		{7CFB526A-F40E-44DD-AB50-2BA0F0C1946C} = {8523928C-A939-4C75-8C95-54961B5F4148}
		{D430777E-2BC1-4B34-B01E-9D3D23674D51} = {063CDD2A-D404-4F6B-B7F9-C3DE7952B5FA}
		{F7DC6B59-8575-425E-974F-F2AF0D8BCBFA} = {880700EF-C097-4E94-8511-25545248DB31}
		{11E378F1-477F-4F69-84E9-FE655BD7DCF1} = {880700EF-C097-4E94-8511-25545248DB31}
		{2883D045-D2FF-45B2-950B-F7B765758168} = {11E378F1-477F-4F69-84E9-FE655BD7DCF1}
		{057379DE-E446-4771-88FC-7F173324A61D} = {880700EF-C097-4E94-8511-25545248DB31}
		{4D39EE8A-6EDF-4D94-AADB-5269F8C11F3A} = {9624AA7F-9EEF-4A19-B572-F71E099C4F8A}
		{5D8C3E4A-B696-49C6-9D83-45B3F5F48D4E} = {F32323CB-387E-4CF9-9D78-AE2343A1EEE1}
		{0A4A4B3D-62CB-4DB8-8044-8D2591A25A98} = {9624AA7F-9EEF-4A19-B572-F71E099C4F8A}
		{CF9458C6-A0B9-48AA-BF30-1C1D0B1CBD67} = {DFCF8A14-C156-40E6-9439-2AD4EDD9162E}
		{AF2F76E9-F03E-46E5-9A74-A5094B00A3C4} = {DFCF8A14-C156-40E6-9439-2AD4EDD9162E}
		{DA7FC497-7475-4691-B733-7AC6CFB83E9E} = {AF2F76E9-F03E-46E5-9A74-A5094B00A3C4}
		{DF3264C9-464A-4FDB-9DF1-747750F9BD98} = {4056CB84-CF8C-4E90-8EB6-0EEB44F60FBD}
		{4C87E06A-570E-4FAE-9116-0EDBB1CF66A7} = {4056CB84-CF8C-4E90-8EB6-0EEB44F60FBD}
		{26D47F2E-5B3F-4FBA-BC09-068F53029A0D} = {8B0870FE-8F0E-4139-9E4D-C30E57C9A8E2}
		{6141C5A7-B7D0-4CE8-9990-3192C9C7E806} = {8B0870FE-8F0E-4139-9E4D-C30E57C9A8E2}
		{93DD8F41-BA26-473B-B977-5FC78F754395} = {8B0870FE-8F0E-4139-9E4D-C30E57C9A8E2}
		{48ED2EF6-A3BA-4892-A4B8-6C242089A905} = {93DD8F41-BA26-473B-B977-5FC78F754395}
		{A79C7C5B-6A84-43DF-87F4-1D59CC73FA8A} = {93DD8F41-BA26-473B-B977-5FC78F754395}
		{850B03B6-9D87-4331-B9F6-E5652A1CB7D6} = {8B0870FE-8F0E-4139-9E4D-C30E57C9A8E2}
		{81EABDE0-202D-4D65-BF70-F7558706C7A9} = {850B03B6-9D87-4331-B9F6-E5652A1CB7D6}
		{63462D85-8C90-443B-A0F8-AFF40A3A7B0B} = {93DD8F41-BA26-473B-B977-5FC78F754395}
		{30CB8157-D4D0-4372-AEBB-A02BFEA50E60} = {57E7568D-4C81-4D45-AE38-1F255FB6941A}
		{640056CB-86BA-4FA5-9071-DA5E0799ADB1} = {57E7568D-4C81-4D45-AE38-1F255FB6941A}
		{F1A78B03-E353-4498-9795-2681346E3414} = {57E7568D-4C81-4D45-AE38-1F255FB6941A}
		{304C2A85-1940-488F-B6E6-2B6E95CC6121} = {57E7568D-4C81-4D45-AE38-1F255FB6941A}
		{891917E8-3F8A-43C7-A582-4F189E610637} = {57E7568D-4C81-4D45-AE38-1F255FB6941A}
	EndGlobalSection
	GlobalSection(ExtensibilityGlobals) = postSolution
		SolutionGuid = {0069BB43-55D4-4FC9-BE89-A585C1AED094}
	EndGlobalSection
EndGlobal
